# THIS IS AN AUTOGENERATED FILE. DO NOT EDIT THIS FILE DIRECTLY.
# yarn lockfile v1


"@jaisocx/css-code-snippet@^1.4.3":
  version "1.4.3"
  resolved "https://registry.yarnpkg.com/@jaisocx/css-code-snippet/-/css-code-snippet-1.4.3.tgz#e08e84160585611d03429d3e6793b65890206517"
  integrity sha512-uaoGVmvijItnuv8zlwnMrrzjhorEmRoNTYOeQaTtkDLIfQSkq3bELurlOWE+vZQsajBPN+c2nIsSkWR0AvNYDQ==
  optionalDependencies:
    "@jaisocx/css_clean_start_lite" "~1.0.3"

"@jaisocx/css_clean_start_lite@^1.0.3", "@jaisocx/css_clean_start_lite@~1.0.3":
  version "1.0.3"
  resolved "https://registry.yarnpkg.com/@jaisocx/css_clean_start_lite/-/css_clean_start_lite-1.0.3.tgz#20dd076c59835726541bf227493035f4f8996f9d"
  integrity sha512-GZnJstQR+qZEzhBTl5zOfMjo1+WWDpfuwHekIB7ClxJPjrUqIPYe30tRcZ4BHP7NEWguJuJUChQ/JqDojn4g+Q==

"@jaisocx/jpath@~2.0.1":
  version "2.0.1"
  resolved "https://registry.yarnpkg.com/@jaisocx/jpath/-/jpath-2.0.1.tgz#78e85a272f9f3a7c8046bdd7f2ad6fc0821537c1"
  integrity sha512-vMc8VZ6vt41f4zcKDFPMlOCmYvE1hd3cfnIReamT36w34rO7rc8pj3gUDflOSdJFJVnPKPWRmsOgYByU6VHzAQ==

"@jaisocx/media_tools_fonts_base@^1.2.2":
  version "1.2.2"
  resolved "https://registry.yarnpkg.com/@jaisocx/media_tools_fonts_base/-/media_tools_fonts_base-1.2.2.tgz#ef23204f28f52db514d16436061e3e6462a246f0"
  integrity sha512-6IS8AzrHrjRQkZtO9rKBPepLZcD+Ikpzc+bLPEU7FO7dZGuVP4axyCrQmRNj0ymJ3q9t1l+bKAWcHujEgz/bAA==
  optionalDependencies:
    "@jaisocx/css_clean_start_lite" "~1.0.3"
